{
  "name": "python-project",
  "version": "1.0.0",
  "lockfileVersion": 2,
  "requires": true,
  "packages": {
    "": {
      "name": "python-project",
      "version": "1.0.0",
      "license": "ISC",
      "dependencies": {
        "bootstrap": "^5.1.3",
        "locomotive-scroll": "^4.1.3",
        "slick-carousel": "^1.8.1",
        "stickymate": "^1.3.7",
        "typewriter-effect": "^2.18.2"
      }
    },
    "node_modules/@popperjs/core": {
      "version": "2.10.2",
      "resolved": "https://registry.npmjs.org/@popperjs/core/-/core-2.10.2.tgz",
      "integrity": "sha512-IXf3XA7+XyN7CP9gGh/XB0UxVMlvARGEgGXLubFICsUMGz6Q+DU+i4gGlpOxTjKvXjkJDJC8YdqdKkDj9qZHEQ==",
      "peer": true,
      "funding": {
        "type": "opencollective",
        "url": "https://opencollective.com/popperjs"
      }
    },
    "node_modules/bezier-easing": {
      "version": "2.1.0",
      "resolved": "https://registry.npmjs.org/bezier-easing/-/bezier-easing-2.1.0.tgz",
      "integrity": "sha1-wE3+i5JtbsrKGBPWn/F5t8ICXYY="
    },
    "node_modules/bindall-standalone": {
      "version": "1.0.5",
      "resolved": "https://registry.npmjs.org/bindall-standalone/-/bindall-standalone-1.0.5.tgz",
      "integrity": "sha1-90MDiPHH+amt4Px1pADnEPZpKh0="
    },
    "node_modules/bootstrap": {
      "version": "5.1.3",
      "resolved": "https://registry.npmjs.org/bootstrap/-/bootstrap-5.1.3.tgz",
      "integrity": "sha512-fcQztozJ8jToQWXxVuEyXWW+dSo8AiXWKwiSSrKWsRB/Qt+Ewwza+JWoLKiTuQLaEPhdNAJ7+Dosc9DOIqNy7Q==",
      "funding": {
        "type": "opencollective",
        "url": "https://opencollective.com/bootstrap"
      },
      "peerDependencies": {
        "@popperjs/core": "^2.10.2"
      }
    },
    "node_modules/jquery": {
      "version": "3.6.0",
      "resolved": "https://registry.npmjs.org/jquery/-/jquery-3.6.0.tgz",
      "integrity": "sha512-JVzAR/AjBvVt2BmYhxRCSYysDsPcssdmTFnzyLEts9qNwmjmu4JTAMYubEfwVOSwpQ1I1sKKFcxhZCI2buerfw==",
      "peer": true
    },
    "node_modules/js-tokens": {
      "version": "4.0.0",
      "resolved": "https://registry.npmjs.org/js-tokens/-/js-tokens-4.0.0.tgz",
      "integrity": "sha512-RdJUflcE3cUzKiMqQgsCu06FPu9UdIJO0beYbPhHN4k6apgJtifcoCtT9bcxOpYBtpD2kCM6Sbzg4CausW/PKQ=="
    },
    "node_modules/lethargy": {
      "version": "1.0.9",
      "resolved": "https://registry.npmjs.org/lethargy/-/lethargy-1.0.9.tgz",
      "integrity": "sha512-nFM8blpCF9rqIL5mRAaTGc78W8oQixVtsD86jbEPvcI13+lDUYJf3R7DZQQL7tCiBpbGpGKMX2gwJFO9hiaOkg=="
    },
    "node_modules/locomotive-scroll": {
      "version": "4.1.3",
      "resolved": "https://registry.npmjs.org/locomotive-scroll/-/locomotive-scroll-4.1.3.tgz",
      "integrity": "sha512-1b9JAea6IevKCAuBtuyufUogEwhQtKHrClxj+599dLN7Xit1/6CM/X9haveXRCjgfD9RcPKfptasY4kvLGHNdA==",
      "dependencies": {
        "bezier-easing": "^2.1.0",
        "smoothscroll-polyfill": "^0.4.4",
        "virtual-scroll": "^1.5.2"
      }
    },
    "node_modules/loose-envify": {
      "version": "1.4.0",
      "resolved": "https://registry.npmjs.org/loose-envify/-/loose-envify-1.4.0.tgz",
      "integrity": "sha512-lyuxPGr/Wfhrlem2CL/UcnUc1zcqKAImBDzukY7Y5F/yQiNdko6+fRLevlw1HgMySw7f611UIY408EtxRSoK3Q==",
      "dependencies": {
        "js-tokens": "^3.0.0 || ^4.0.0"
      },
      "bin": {
        "loose-envify": "cli.js"
      }
    },
    "node_modules/object-assign": {
      "version": "4.1.1",
      "resolved": "https://registry.npmjs.org/object-assign/-/object-assign-4.1.1.tgz",
      "integrity": "sha1-IQmtx5ZYh8/AXLvUQsrIv7s2CGM=",
      "engines": {
        "node": ">=0.10.0"
      }
    },
    "node_modules/performance-now": {
      "version": "2.1.0",
      "resolved": "https://registry.npmjs.org/performance-now/-/performance-now-2.1.0.tgz",
      "integrity": "sha1-Ywn04OX6kT7BxpMHrjZLSzd8nns="
    },
    "node_modules/prop-types": {
      "version": "15.7.2",
      "resolved": "https://registry.npmjs.org/prop-types/-/prop-types-15.7.2.tgz",
      "integrity": "sha512-8QQikdH7//R2vurIJSutZ1smHYTcLpRWEOlHnzcWHmBYrOGUysKwSsrC89BCiFj3CbrfJ/nXFdJepOVrY1GCHQ==",
      "dependencies": {
        "loose-envify": "^1.4.0",
        "object-assign": "^4.1.1",
        "react-is": "^16.8.1"
      }
    },
    "node_modules/raf": {
      "version": "3.4.1",
      "resolved": "https://registry.npmjs.org/raf/-/raf-3.4.1.tgz",
      "integrity": "sha512-Sq4CW4QhwOHE8ucn6J34MqtZCeWFP2aQSmrlroYgqAV1PjStIhJXxYuTgUIfkEk7zTLjmIjLmU5q+fbD1NnOJA==",
      "dependencies": {
        "performance-now": "^2.1.0"
      }
    },
    "node_modules/react": {
      "version": "17.0.2",
      "resolved": "https://registry.npmjs.org/react/-/react-17.0.2.tgz",
      "integrity": "sha512-gnhPt75i/dq/z3/6q/0asP78D0u592D5L1pd7M8P+dck6Fu/jJeL6iVVK23fptSUZj8Vjf++7wXA8UNclGQcbA==",
      "peer": true,
      "dependencies": {
        "loose-envify": "^1.1.0",
        "object-assign": "^4.1.1"
      },
      "engines": {
        "node": ">=0.10.0"
      }
    },
    "node_modules/react-dom": {
      "version": "17.0.2",
      "resolved": "https://registry.npmjs.org/react-dom/-/react-dom-17.0.2.tgz",
      "integrity": "sha512-s4h96KtLDUQlsENhMn1ar8t2bEa+q/YAtj8pPPdIjPDGBDIVNsrD9aXNWqspUe6AzKCIG0C1HZZLqLV7qpOBGA==",
      "peer": true,
      "dependencies": {
        "loose-envify": "^1.1.0",
        "object-assign": "^4.1.1",
        "scheduler": "^0.20.2"
      },
      "peerDependencies": {
        "react": "17.0.2"
      }
    },
    "node_modules/react-is": {
      "version": "16.13.1",
      "resolved": "https://registry.npmjs.org/react-is/-/react-is-16.13.1.tgz",
      "integrity": "sha512-24e6ynE2H+OKt4kqsOvNd8kBpV65zoxbA4BVsEOB3ARVWQki/DHzaUoC5KuON/BiccDaCCTZBuOcfZs70kR8bQ=="
    },
    "node_modules/scheduler": {
      "version": "0.20.2",
      "resolved": "https://registry.npmjs.org/scheduler/-/scheduler-0.20.2.tgz",
      "integrity": "sha512-2eWfGgAqqWFGqtdMmcL5zCMK1U8KlXv8SQFGglL3CEtd0aDVDWgeF/YoCmvln55m5zSk3J/20hTaSBeSObsQDQ==",
      "peer": true,
      "dependencies": {
        "loose-envify": "^1.1.0",
        "object-assign": "^4.1.1"
      }
    },
    "node_modules/slick-carousel": {
      "version": "1.8.1",
      "resolved": "https://registry.npmjs.org/slick-carousel/-/slick-carousel-1.8.1.tgz",
      "integrity": "sha512-XB9Ftrf2EEKfzoQXt3Nitrt/IPbT+f1fgqBdoxO3W/+JYvtEOW6EgxnWfr9GH6nmULv7Y2tPmEX3koxThVmebA==",
      "peerDependencies": {
        "jquery": ">=1.8.0"
      }
    },
    "node_modules/smoothscroll-polyfill": {
      "version": "0.4.4",
      "resolved": "https://registry.npmjs.org/smoothscroll-polyfill/-/smoothscroll-polyfill-0.4.4.tgz",
      "integrity": "sha512-TK5ZA9U5RqCwMpfoMq/l1mrH0JAR7y7KRvOBx0n2869aLxch+gT9GhN3yUfjiw+d/DiF1mKo14+hd62JyMmoBg=="
    },
    "node_modules/stickymate": {
      "version": "1.3.7",
      "resolved": "https://registry.npmjs.org/stickymate/-/stickymate-1.3.7.tgz",
      "integrity": "sha512-f9jY7IOZqREs6zKkxAsuWbarIGo9M6pj6PwHZmmPZ4JnwqSesQxQ/nyiRVJVHyOfzq54vxZpyiK9Y31TlVzfTA=="
    },
    "node_modules/tiny-emitter": {
      "version": "1.2.0",
      "resolved": "https://registry.npmjs.org/tiny-emitter/-/tiny-emitter-1.2.0.tgz",
      "integrity": "sha1-bchFBSywjr78GHRyO1jySmSMO28="
    },
    "node_modules/typewriter-effect": {
      "version": "2.18.2",
      "resolved": "https://registry.npmjs.org/typewriter-effect/-/typewriter-effect-2.18.2.tgz",
      "integrity": "sha512-I6VLfaICftFgZ3sauoVrvHmqzD2r1t+roopD6pyQ1EV4fmq3kZ4ssfLJk9mPd1VHdnwb9XxSnDH09QHNJ/HrXw==",
      "dependencies": {
        "prop-types": "^15.6.2",
        "raf": "^3.4.0"
      },
      "peerDependencies": {
        "react": "17.x",
        "react-dom": "17.x"
      }
    },
    "node_modules/virtual-scroll": {
      "version": "1.5.2",
      "resolved": "https://registry.npmjs.org/virtual-scroll/-/virtual-scroll-1.5.2.tgz",
      "integrity": "sha512-7jDHwlKbHUho7CYU/HojE/VKFH8GV9P5fVWP2HCa7dRUOpVvwl93OBOKIIcb2mKd+vqsbVR/0zl0X70+3sUZqA==",
      "dependencies": {
        "bindall-standalone": "^1.0.5",
        "lethargy": "^1.0.2",
        "object-assign": "^4.0.1",
        "tiny-emitter": "^1.0.0"
      }
    }
  },
  "dependencies": {
    "@popperjs/core": {
      "version": "2.10.2",
      "resolved": "https://registry.npmjs.org/@popperjs/core/-/core-2.10.2.tgz",
      "integrity": "sha512-IXf3XA7+XyN7CP9gGh/XB0UxVMlvARGEgGXLubFICsUMGz6Q+DU+i4gGlpOxTjKvXjkJDJC8YdqdKkDj9qZHEQ==",
      "peer": true
    },
    "bezier-easing": {
      "version": "2.1.0",
      "resolved": "https://registry.npmjs.org/bezier-easing/-/bezier-easing-2.1.0.tgz",
      "integrity": "sha1-wE3+i5JtbsrKGBPWn/F5t8ICXYY="
    },
    "bindall-standalone": {
      "version": "1.0.5",
      "resolved": "https://registry.npmjs.org/bindall-standalone/-/bindall-standalone-1.0.5.tgz",
      "integrity": "sha1-90MDiPHH+amt4Px1pADnEPZpKh0="
    },
    "bootstrap": {
      "version": "5.1.3",
      "resolved": "https://registry.npmjs.org/bootstrap/-/bootstrap-5.1.3.tgz",
      "integrity": "sha512-fcQztozJ8jToQWXxVuEyXWW+dSo8AiXWKwiSSrKWsRB/Qt+Ewwza+JWoLKiTuQLaEPhdNAJ7+Dosc9DOIqNy7Q==",
      "requires": {}
    },
    "jquery": {
      "version": "3.6.0",
      "resolved": "https://registry.npmjs.org/jquery/-/jquery-3.6.0.tgz",
      "integrity": "sha512-JVzAR/AjBvVt2BmYhxRCSYysDsPcssdmTFnzyLEts9qNwmjmu4JTAMYubEfwVOSwpQ1I1sKKFcxhZCI2buerfw==",
      "peer": true
    },
    "js-tokens": {
      "version": "4.0.0",
      "resolved": "https://registry.npmjs.org/js-tokens/-/js-tokens-4.0.0.tgz",
      "integrity": "sha512-RdJUflcE3cUzKiMqQgsCu06FPu9UdIJO0beYbPhHN4k6apgJtifcoCtT9bcxOpYBtpD2kCM6Sbzg4CausW/PKQ=="
    },
    "lethargy": {
      "version": "1.0.9",
      "resolved": "https://registry.npmjs.org/lethargy/-/lethargy-1.0.9.tgz",
      "integrity": "sha512-nFM8blpCF9rqIL5mRAaTGc78W8oQixVtsD86jbEPvcI13+lDUYJf3R7DZQQL7tCiBpbGpGKMX2gwJFO9hiaOkg=="
    },
    "locomotive-scroll": {
      "version": "4.1.3",
      "resolved": "https://registry.npmjs.org/locomotive-scroll/-/locomotive-scroll-4.1.3.tgz",
      "integrity": "sha512-1b9JAea6IevKCAuBtuyufUogEwhQtKHrClxj+599dLN7Xit1/6CM/X9haveXRCjgfD9RcPKfptasY4kvLGHNdA==",
      "requires": {
        "bezier-easing": "^2.1.0",
        "smoothscroll-polyfill": "^0.4.4",
        "virtual-scroll": "^1.5.2"
      }
    },
    "loose-envify": {
      "version": "1.4.0",
      "resolved": "https://registry.npmjs.org/loose-envify/-/loose-envify-1.4.0.tgz",
      "integrity": "sha512-lyuxPGr/Wfhrlem2CL/UcnUc1zcqKAImBDzukY7Y5F/yQiNdko6+fRLevlw1HgMySw7f611UIY408EtxRSoK3Q==",
      "requires": {
        "js-tokens": "^3.0.0 || ^4.0.0"
      }
    },
    "object-assign": {
      "version": "4.1.1",
      "resolved": "https://registry.npmjs.org/object-assign/-/object-assign-4.1.1.tgz",
      "integrity": "sha1-IQmtx5ZYh8/AXLvUQsrIv7s2CGM="
    },
    "performance-now": {
      "version": "2.1.0",
      "resolved": "https://registry.npmjs.org/performance-now/-/performance-now-2.1.0.tgz",
      "integrity": "sha1-Ywn04OX6kT7BxpMHrjZLSzd8nns="
    },
    "prop-types": {
      "version": "15.7.2",
      "resolved": "https://registry.npmjs.org/prop-types/-/prop-types-15.7.2.tgz",
      "integrity": "sha512-8QQikdH7//R2vurIJSutZ1smHYTcLpRWEOlHnzcWHmBYrOGUysKwSsrC89BCiFj3CbrfJ/nXFdJepOVrY1GCHQ==",
      "requires": {
        "loose-envify": "^1.4.0",
        "object-assign": "^4.1.1",
        "react-is": "^16.8.1"
      }
    },
    "raf": {
      "version": "3.4.1",
      "resolved": "https://registry.npmjs.org/raf/-/raf-3.4.1.tgz",
      "integrity": "sha512-Sq4CW4QhwOHE8ucn6J34MqtZCeWFP2aQSmrlroYgqAV1PjStIhJXxYuTgUIfkEk7zTLjmIjLmU5q+fbD1NnOJA==",
      "requires": {
        "performance-now": "^2.1.0"
      }
    },
    "react": {
      "version": "17.0.2",
      "resolved": "https://registry.npmjs.org/react/-/react-17.0.2.tgz",
      "integrity": "sha512-gnhPt75i/dq/z3/6q/0asP78D0u592D5L1pd7M8P+dck6Fu/jJeL6iVVK23fptSUZj8Vjf++7wXA8UNclGQcbA==",
      "peer": true,
      "requires": {
        "loose-envify": "^1.1.0",
        "object-assign": "^4.1.1"
      }
    },
    "react-dom": {
      "version": "17.0.2",
      "resolved": "https://registry.npmjs.org/react-dom/-/react-dom-17.0.2.tgz",
      "integrity": "sha512-s4h96KtLDUQlsENhMn1ar8t2bEa+q/YAtj8pPPdIjPDGBDIVNsrD9aXNWqspUe6AzKCIG0C1HZZLqLV7qpOBGA==",
      "peer": true,
      "requires": {
        "loose-envify": "^1.1.0",
        "object-assign": "^4.1.1",
        "scheduler": "^0.20.2"
      }
    },
    "react-is": {
      "version": "16.13.1",
      "resolved": "https://registry.npmjs.org/react-is/-/react-is-16.13.1.tgz",
      "integrity": "sha512-24e6ynE2H+OKt4kqsOvNd8kBpV65zoxbA4BVsEOB3ARVWQki/DHzaUoC5KuON/BiccDaCCTZBuOcfZs70kR8bQ=="
    },
    "scheduler": {
      "version": "0.20.2",
      "resolved": "https://registry.npmjs.org/scheduler/-/scheduler-0.20.2.tgz",
      "integrity": "sha512-2eWfGgAqqWFGqtdMmcL5zCMK1U8KlXv8SQFGglL3CEtd0aDVDWgeF/YoCmvln55m5zSk3J/20hTaSBeSObsQDQ==",
      "peer": true,
      "requires": {
        "loose-envify": "^1.1.0",
        "object-assign": "^4.1.1"
      }
    },
    "slick-carousel": {
      "version": "1.8.1",
      "resolved": "https://registry.npmjs.org/slick-carousel/-/slick-carousel-1.8.1.tgz",
      "integrity": "sha512-XB9Ftrf2EEKfzoQXt3Nitrt/IPbT+f1fgqBdoxO3W/+JYvtEOW6EgxnWfr9GH6nmULv7Y2tPmEX3koxThVmebA==",
      "requires": {}
    },
    "smoothscroll-polyfill": {
      "version": "0.4.4",
      "resolved": "https://registry.npmjs.org/smoothscroll-polyfill/-/smoothscroll-polyfill-0.4.4.tgz",
      "integrity": "sha512-TK5ZA9U5RqCwMpfoMq/l1mrH0JAR7y7KRvOBx0n2869aLxch+gT9GhN3yUfjiw+d/DiF1mKo14+hd62JyMmoBg=="
    },
    "stickymate": {
      "version": "1.3.7",
      "resolved": "https://registry.npmjs.org/stickymate/-/stickymate-1.3.7.tgz",
      "integrity": "sha512-f9jY7IOZqREs6zKkxAsuWbarIGo9M6pj6PwHZmmPZ4JnwqSesQxQ/nyiRVJVHyOfzq54vxZpyiK9Y31TlVzfTA=="
    },
    "tiny-emitter": {
      "version": "1.2.0",
      "resolved": "https://registry.npmjs.org/tiny-emitter/-/tiny-emitter-1.2.0.tgz",
      "integrity": "sha1-bchFBSywjr78GHRyO1jySmSMO28="
    },
    "typewriter-effect": {
      "version": "2.18.2",
      "resolved": "https://registry.npmjs.org/typewriter-effect/-/typewriter-effect-2.18.2.tgz",
      "integrity": "sha512-I6VLfaICftFgZ3sauoVrvHmqzD2r1t+roopD6pyQ1EV4fmq3kZ4ssfLJk9mPd1VHdnwb9XxSnDH09QHNJ/HrXw==",
      "requires": {
        "prop-types": "^15.6.2",
        "raf": "^3.4.0"
      }
    },
    "virtual-scroll": {
      "version": "1.5.2",
      "resolved": "https://registry.npmjs.org/virtual-scroll/-/virtual-scroll-1.5.2.tgz",
      "integrity": "sha512-7jDHwlKbHUho7CYU/HojE/VKFH8GV9P5fVWP2HCa7dRUOpVvwl93OBOKIIcb2mKd+vqsbVR/0zl0X70+3sUZqA==",
      "requires": {
        "bindall-standalone": "^1.0.5",
        "lethargy": "^1.0.2",
        "object-assign": "^4.0.1",
        "tiny-emitter": "^1.0.0"
      }
    }
  }
}
